// !$*UTF8*$!
{
	archiveVersion = 1;
	classes = {
	};
	objectVersion = 56;
	objects = {

/* Begin PBXBuildFile section */
		3411ADE32A86CD8B006D21C9 /* TrackerStore.swift in Sources */ = {isa = PBXBuildFile; fileRef = 3411ADE22A86CD8B006D21C9 /* TrackerStore.swift */; };
		3411ADE52A86CD94006D21C9 /* TrackerCategoryStore.swift in Sources */ = {isa = PBXBuildFile; fileRef = 3411ADE42A86CD94006D21C9 /* TrackerCategoryStore.swift */; };
		3411ADE72A86CD9C006D21C9 /* TrackerRecordStore.swift in Sources */ = {isa = PBXBuildFile; fileRef = 3411ADE62A86CD9C006D21C9 /* TrackerRecordStore.swift */; };
		3411ADE92A86CEFE006D21C9 /* UIColorMarshalling.swift in Sources */ = {isa = PBXBuildFile; fileRef = 3411ADE82A86CEFE006D21C9 /* UIColorMarshalling.swift */; };
		6406E9BE2A796467003DFB6B /* TrackerStructures.swift in Sources */ = {isa = PBXBuildFile; fileRef = 6406E9BD2A796467003DFB6B /* TrackerStructures.swift */; };
		6406E9C02A82599C003DFB6B /* HabitEmojiCell.swift in Sources */ = {isa = PBXBuildFile; fileRef = 6406E9BF2A82599C003DFB6B /* HabitEmojiCell.swift */; };
		6406E9C22A8259D0003DFB6B /* HabitColorCell.swift in Sources */ = {isa = PBXBuildFile; fileRef = 6406E9C12A8259D0003DFB6B /* HabitColorCell.swift */; };
		6406E9C42A8259E8003DFB6B /* EventEmojiCell.swift in Sources */ = {isa = PBXBuildFile; fileRef = 6406E9C32A8259E8003DFB6B /* EventEmojiCell.swift */; };
		6406E9C62A8259FA003DFB6B /* EventColorCell.swift in Sources */ = {isa = PBXBuildFile; fileRef = 6406E9C52A8259FA003DFB6B /* EventColorCell.swift */; };
		6406E9CA2A825ADC003DFB6B /* HabitEmojiHeader.swift in Sources */ = {isa = PBXBuildFile; fileRef = 6406E9C92A825ADC003DFB6B /* HabitEmojiHeader.swift */; };
		6406E9CC2A825AEF003DFB6B /* HabitColorHeader.swift in Sources */ = {isa = PBXBuildFile; fileRef = 6406E9CB2A825AEF003DFB6B /* HabitColorHeader.swift */; };
		6406E9CE2A825B06003DFB6B /* EventEmojiHeader.swift in Sources */ = {isa = PBXBuildFile; fileRef = 6406E9CD2A825B06003DFB6B /* EventEmojiHeader.swift */; };
		6406E9D02A825B17003DFB6B /* EventColorHeader.swift in Sources */ = {isa = PBXBuildFile; fileRef = 6406E9CF2A825B17003DFB6B /* EventColorHeader.swift */; };
		641441B22A560189004D6BD7 /* UIColor+Extensions.swift in Sources */ = {isa = PBXBuildFile; fileRef = 641441B12A560188004D6BD7 /* UIColor+Extensions.swift */; };
		645482F02A8AAFFC007F5BF3 /* HabitCategoryViewController.swift in Sources */ = {isa = PBXBuildFile; fileRef = 645482EF2A8AAFFC007F5BF3 /* HabitCategoryViewController.swift */; };
		645482F22A8AB02B007F5BF3 /* CreateHabitCategoryViewController.swift in Sources */ = {isa = PBXBuildFile; fileRef = 645482F12A8AB02B007F5BF3 /* CreateHabitCategoryViewController.swift */; };
		645482F42A8AB046007F5BF3 /* HabitCategoryCell.swift in Sources */ = {isa = PBXBuildFile; fileRef = 645482F32A8AB046007F5BF3 /* HabitCategoryCell.swift */; };
		645482F72A8D880D007F5BF3 /* EventCategoryViewController.swift in Sources */ = {isa = PBXBuildFile; fileRef = 645482F62A8D880D007F5BF3 /* EventCategoryViewController.swift */; };
		645482F92A8D8829007F5BF3 /* CreateEventCategoryViewController.swift in Sources */ = {isa = PBXBuildFile; fileRef = 645482F82A8D8829007F5BF3 /* CreateEventCategoryViewController.swift */; };
		645482FB2A8D883E007F5BF3 /* EventCategoryCell.swift in Sources */ = {isa = PBXBuildFile; fileRef = 645482FA2A8D883E007F5BF3 /* EventCategoryCell.swift */; };
		645482FD2A8E4EC3007F5BF3 /* OnboardingViewController.swift in Sources */ = {isa = PBXBuildFile; fileRef = 645482FC2A8E4EC3007F5BF3 /* OnboardingViewController.swift */; };
		645483042A8E88A4007F5BF3 /* HabitCategoryViewModel.swift in Sources */ = {isa = PBXBuildFile; fileRef = 645483032A8E88A4007F5BF3 /* HabitCategoryViewModel.swift */; };
		6460DF562A408EB3004A31C6 /* AppDelegate.swift in Sources */ = {isa = PBXBuildFile; fileRef = 6460DF552A408EB3004A31C6 /* AppDelegate.swift */; };
		6460DF582A408EB3004A31C6 /* SceneDelegate.swift in Sources */ = {isa = PBXBuildFile; fileRef = 6460DF572A408EB3004A31C6 /* SceneDelegate.swift */; };
		6460DF5F2A408EB5004A31C6 /* Assets.xcassets in Resources */ = {isa = PBXBuildFile; fileRef = 6460DF5E2A408EB5004A31C6 /* Assets.xcassets */; };
		647575622A5899CF00C57C04 /* TabBarController.swift in Sources */ = {isa = PBXBuildFile; fileRef = 647575612A5899CF00C57C04 /* TabBarController.swift */; };
		647575642A589BF000C57C04 /* TrackersViewController.swift in Sources */ = {isa = PBXBuildFile; fileRef = 647575632A589BF000C57C04 /* TrackersViewController.swift */; };
		647575662A589C2300C57C04 /* StatisticViewController.swift in Sources */ = {isa = PBXBuildFile; fileRef = 647575652A589C2300C57C04 /* StatisticViewController.swift */; };
		6475756A2A58AABD00C57C04 /* Launch Screen.storyboard in Resources */ = {isa = PBXBuildFile; fileRef = 647575692A58AABD00C57C04 /* Launch Screen.storyboard */; };
		6475756C2A5C2D6100C57C04 /* TrackerCell.swift in Sources */ = {isa = PBXBuildFile; fileRef = 6475756B2A5C2D6100C57C04 /* TrackerCell.swift */; };
		647575722A681CD800C57C04 /* HeaderSectionView.swift in Sources */ = {isa = PBXBuildFile; fileRef = 647575712A681CD800C57C04 /* HeaderSectionView.swift */; };
		647575742A6B23EC00C57C04 /* AddTrackerViewController.swift in Sources */ = {isa = PBXBuildFile; fileRef = 647575732A6B23EC00C57C04 /* AddTrackerViewController.swift */; };
		647575762A6EB6B500C57C04 /* HabitViewController.swift in Sources */ = {isa = PBXBuildFile; fileRef = 647575752A6EB6B500C57C04 /* HabitViewController.swift */; };
		647575782A6EC67800C57C04 /* HabitViewCell.swift in Sources */ = {isa = PBXBuildFile; fileRef = 647575772A6EC67800C57C04 /* HabitViewCell.swift */; };
		6475757A2A6EDDE500C57C04 /* ScheduleViewController.swift in Sources */ = {isa = PBXBuildFile; fileRef = 647575792A6EDDE500C57C04 /* ScheduleViewController.swift */; };
		6475757C2A6EE56D00C57C04 /* ScheduleViewCell.swift in Sources */ = {isa = PBXBuildFile; fileRef = 6475757B2A6EE56D00C57C04 /* ScheduleViewCell.swift */; };
		6475757E2A6FD74200C57C04 /* IrregularEventViewController.swift in Sources */ = {isa = PBXBuildFile; fileRef = 6475757D2A6FD74200C57C04 /* IrregularEventViewController.swift */; };
		647575802A6FE84000C57C04 /* IrregularEventCell.swift in Sources */ = {isa = PBXBuildFile; fileRef = 6475757F2A6FE84000C57C04 /* IrregularEventCell.swift */; };
		64A32E2C2A8517D90069D2D0 /* TrackersEntity.xcdatamodeld in Sources */ = {isa = PBXBuildFile; fileRef = 64A32E2A2A8517D90069D2D0 /* TrackersEntity.xcdatamodeld */; };
/* End PBXBuildFile section */

/* Begin PBXFileReference section */
		3411ADE22A86CD8B006D21C9 /* TrackerStore.swift */ = {isa = PBXFileReference; lastKnownFileType = sourcecode.swift; path = TrackerStore.swift; sourceTree = "<group>"; };
		3411ADE42A86CD94006D21C9 /* TrackerCategoryStore.swift */ = {isa = PBXFileReference; lastKnownFileType = sourcecode.swift; path = TrackerCategoryStore.swift; sourceTree = "<group>"; };
		3411ADE62A86CD9C006D21C9 /* TrackerRecordStore.swift */ = {isa = PBXFileReference; lastKnownFileType = sourcecode.swift; path = TrackerRecordStore.swift; sourceTree = "<group>"; };
		3411ADE82A86CEFE006D21C9 /* UIColorMarshalling.swift */ = {isa = PBXFileReference; lastKnownFileType = sourcecode.swift; path = UIColorMarshalling.swift; sourceTree = "<group>"; };
		6406E9BD2A796467003DFB6B /* TrackerStructures.swift */ = {isa = PBXFileReference; lastKnownFileType = sourcecode.swift; path = TrackerStructures.swift; sourceTree = "<group>"; };
		6406E9BF2A82599C003DFB6B /* HabitEmojiCell.swift */ = {isa = PBXFileReference; lastKnownFileType = sourcecode.swift; path = HabitEmojiCell.swift; sourceTree = "<group>"; };
		6406E9C12A8259D0003DFB6B /* HabitColorCell.swift */ = {isa = PBXFileReference; lastKnownFileType = sourcecode.swift; path = HabitColorCell.swift; sourceTree = "<group>"; };
		6406E9C32A8259E8003DFB6B /* EventEmojiCell.swift */ = {isa = PBXFileReference; lastKnownFileType = sourcecode.swift; path = EventEmojiCell.swift; sourceTree = "<group>"; };
		6406E9C52A8259FA003DFB6B /* EventColorCell.swift */ = {isa = PBXFileReference; lastKnownFileType = sourcecode.swift; path = EventColorCell.swift; sourceTree = "<group>"; };
		6406E9C92A825ADC003DFB6B /* HabitEmojiHeader.swift */ = {isa = PBXFileReference; lastKnownFileType = sourcecode.swift; path = HabitEmojiHeader.swift; sourceTree = "<group>"; };
		6406E9CB2A825AEF003DFB6B /* HabitColorHeader.swift */ = {isa = PBXFileReference; lastKnownFileType = sourcecode.swift; path = HabitColorHeader.swift; sourceTree = "<group>"; };
		6406E9CD2A825B06003DFB6B /* EventEmojiHeader.swift */ = {isa = PBXFileReference; lastKnownFileType = sourcecode.swift; path = EventEmojiHeader.swift; sourceTree = "<group>"; };
		6406E9CF2A825B17003DFB6B /* EventColorHeader.swift */ = {isa = PBXFileReference; lastKnownFileType = sourcecode.swift; path = EventColorHeader.swift; sourceTree = "<group>"; };
		641441B12A560188004D6BD7 /* UIColor+Extensions.swift */ = {isa = PBXFileReference; lastKnownFileType = sourcecode.swift; path = "UIColor+Extensions.swift"; sourceTree = "<group>"; };
		645482EF2A8AAFFC007F5BF3 /* HabitCategoryViewController.swift */ = {isa = PBXFileReference; lastKnownFileType = sourcecode.swift; path = HabitCategoryViewController.swift; sourceTree = "<group>"; };
		645482F12A8AB02B007F5BF3 /* CreateHabitCategoryViewController.swift */ = {isa = PBXFileReference; lastKnownFileType = sourcecode.swift; path = CreateHabitCategoryViewController.swift; sourceTree = "<group>"; };
		645482F32A8AB046007F5BF3 /* HabitCategoryCell.swift */ = {isa = PBXFileReference; lastKnownFileType = sourcecode.swift; path = HabitCategoryCell.swift; sourceTree = "<group>"; };
		645482F62A8D880D007F5BF3 /* EventCategoryViewController.swift */ = {isa = PBXFileReference; lastKnownFileType = sourcecode.swift; path = EventCategoryViewController.swift; sourceTree = "<group>"; };
		645482F82A8D8829007F5BF3 /* CreateEventCategoryViewController.swift */ = {isa = PBXFileReference; lastKnownFileType = sourcecode.swift; path = CreateEventCategoryViewController.swift; sourceTree = "<group>"; };
		645482FA2A8D883E007F5BF3 /* EventCategoryCell.swift */ = {isa = PBXFileReference; lastKnownFileType = sourcecode.swift; path = EventCategoryCell.swift; sourceTree = "<group>"; };
		645482FC2A8E4EC3007F5BF3 /* OnboardingViewController.swift */ = {isa = PBXFileReference; lastKnownFileType = sourcecode.swift; path = OnboardingViewController.swift; sourceTree = "<group>"; };
		645483032A8E88A4007F5BF3 /* HabitCategoryViewModel.swift */ = {isa = PBXFileReference; lastKnownFileType = sourcecode.swift; path = HabitCategoryViewModel.swift; sourceTree = "<group>"; };
		6460DF522A408EB3004A31C6 /* Tracker.app */ = {isa = PBXFileReference; explicitFileType = wrapper.application; includeInIndex = 0; path = Tracker.app; sourceTree = BUILT_PRODUCTS_DIR; };
		6460DF552A408EB3004A31C6 /* AppDelegate.swift */ = {isa = PBXFileReference; lastKnownFileType = sourcecode.swift; path = AppDelegate.swift; sourceTree = "<group>"; };
		6460DF572A408EB3004A31C6 /* SceneDelegate.swift */ = {isa = PBXFileReference; lastKnownFileType = sourcecode.swift; path = SceneDelegate.swift; sourceTree = "<group>"; };
		6460DF5E2A408EB5004A31C6 /* Assets.xcassets */ = {isa = PBXFileReference; lastKnownFileType = folder.assetcatalog; path = Assets.xcassets; sourceTree = "<group>"; };
		6460DF632A408EB5004A31C6 /* Info.plist */ = {isa = PBXFileReference; lastKnownFileType = text.plist.xml; path = Info.plist; sourceTree = "<group>"; };
		647575612A5899CF00C57C04 /* TabBarController.swift */ = {isa = PBXFileReference; lastKnownFileType = sourcecode.swift; path = TabBarController.swift; sourceTree = "<group>"; };
		647575632A589BF000C57C04 /* TrackersViewController.swift */ = {isa = PBXFileReference; lastKnownFileType = sourcecode.swift; path = TrackersViewController.swift; sourceTree = "<group>"; };
		647575652A589C2300C57C04 /* StatisticViewController.swift */ = {isa = PBXFileReference; lastKnownFileType = sourcecode.swift; path = StatisticViewController.swift; sourceTree = "<group>"; };
		647575692A58AABD00C57C04 /* Launch Screen.storyboard */ = {isa = PBXFileReference; lastKnownFileType = file.storyboard; path = "Launch Screen.storyboard"; sourceTree = "<group>"; };
		6475756B2A5C2D6100C57C04 /* TrackerCell.swift */ = {isa = PBXFileReference; lastKnownFileType = sourcecode.swift; path = TrackerCell.swift; sourceTree = "<group>"; };
		647575712A681CD800C57C04 /* HeaderSectionView.swift */ = {isa = PBXFileReference; lastKnownFileType = sourcecode.swift; path = HeaderSectionView.swift; sourceTree = "<group>"; };
		647575732A6B23EC00C57C04 /* AddTrackerViewController.swift */ = {isa = PBXFileReference; lastKnownFileType = sourcecode.swift; path = AddTrackerViewController.swift; sourceTree = "<group>"; };
		647575752A6EB6B500C57C04 /* HabitViewController.swift */ = {isa = PBXFileReference; lastKnownFileType = sourcecode.swift; path = HabitViewController.swift; sourceTree = "<group>"; };
		647575772A6EC67800C57C04 /* HabitViewCell.swift */ = {isa = PBXFileReference; lastKnownFileType = sourcecode.swift; path = HabitViewCell.swift; sourceTree = "<group>"; };
		647575792A6EDDE500C57C04 /* ScheduleViewController.swift */ = {isa = PBXFileReference; lastKnownFileType = sourcecode.swift; path = ScheduleViewController.swift; sourceTree = "<group>"; };
		6475757B2A6EE56D00C57C04 /* ScheduleViewCell.swift */ = {isa = PBXFileReference; lastKnownFileType = sourcecode.swift; path = ScheduleViewCell.swift; sourceTree = "<group>"; };
		6475757D2A6FD74200C57C04 /* IrregularEventViewController.swift */ = {isa = PBXFileReference; lastKnownFileType = sourcecode.swift; path = IrregularEventViewController.swift; sourceTree = "<group>"; };
		6475757F2A6FE84000C57C04 /* IrregularEventCell.swift */ = {isa = PBXFileReference; lastKnownFileType = sourcecode.swift; path = IrregularEventCell.swift; sourceTree = "<group>"; };
		64A32E2B2A8517D90069D2D0 /* TrackersEntity.xcdatamodel */ = {isa = PBXFileReference; lastKnownFileType = wrapper.xcdatamodel; path = TrackersEntity.xcdatamodel; sourceTree = "<group>"; };
/* End PBXFileReference section */

/* Begin PBXFrameworksBuildPhase section */
		6460DF4F2A408EB3004A31C6 /* Frameworks */ = {
			isa = PBXFrameworksBuildPhase;
			buildActionMask = 2147483647;
			files = (
			);
			runOnlyForDeploymentPostprocessing = 0;
		};
/* End PBXFrameworksBuildPhase section */

/* Begin PBXGroup section */
		3411ADE12A86CD7D006D21C9 /* Domain */ = {
			isa = PBXGroup;
			children = (
				3411ADE22A86CD8B006D21C9 /* TrackerStore.swift */,
				3411ADE42A86CD94006D21C9 /* TrackerCategoryStore.swift */,
				3411ADE62A86CD9C006D21C9 /* TrackerRecordStore.swift */,
				3411ADE82A86CEFE006D21C9 /* UIColorMarshalling.swift */,
			);
			path = Domain;
			sourceTree = "<group>";
		};
		6406E9C72A825A17003DFB6B /* Habit */ = {
			isa = PBXGroup;
			children = (
				647575752A6EB6B500C57C04 /* HabitViewController.swift */,
				647575772A6EC67800C57C04 /* HabitViewCell.swift */,
				6406E9BF2A82599C003DFB6B /* HabitEmojiCell.swift */,
				6406E9C92A825ADC003DFB6B /* HabitEmojiHeader.swift */,
				6406E9C12A8259D0003DFB6B /* HabitColorCell.swift */,
				6406E9CB2A825AEF003DFB6B /* HabitColorHeader.swift */,
				645482ED2A8AAFB2007F5BF3 /* Schedule */,
				645482EE2A8AAFC3007F5BF3 /* Habit Category */,
			);
			path = Habit;
			sourceTree = "<group>";
		};
		6406E9C82A825A2B003DFB6B /* Irregular Event */ = {
			isa = PBXGroup;
			children = (
				6475757D2A6FD74200C57C04 /* IrregularEventViewController.swift */,
				6475757F2A6FE84000C57C04 /* IrregularEventCell.swift */,
				6406E9C32A8259E8003DFB6B /* EventEmojiCell.swift */,
				6406E9CD2A825B06003DFB6B /* EventEmojiHeader.swift */,
				6406E9C52A8259FA003DFB6B /* EventColorCell.swift */,
				6406E9CF2A825B17003DFB6B /* EventColorHeader.swift */,
				645482F52A8D87DE007F5BF3 /* Event Category */,
			);
			path = "Irregular Event";
			sourceTree = "<group>";
		};
		641441B02A560178004D6BD7 /* Helper */ = {
			isa = PBXGroup;
			children = (
				641441B12A560188004D6BD7 /* UIColor+Extensions.swift */,
			);
			path = Helper;
			sourceTree = "<group>";
		};
		641441B32A56023C004D6BD7 /* Supporting Files */ = {
			isa = PBXGroup;
			children = (
				6460DF5E2A408EB5004A31C6 /* Assets.xcassets */,
				647575692A58AABD00C57C04 /* Launch Screen.storyboard */,
				6460DF632A408EB5004A31C6 /* Info.plist */,
			);
			path = "Supporting Files";
			sourceTree = "<group>";
		};
		645482ED2A8AAFB2007F5BF3 /* Schedule */ = {
			isa = PBXGroup;
			children = (
				647575792A6EDDE500C57C04 /* ScheduleViewController.swift */,
				6475757B2A6EE56D00C57C04 /* ScheduleViewCell.swift */,
			);
			path = Schedule;
			sourceTree = "<group>";
		};
		645482EE2A8AAFC3007F5BF3 /* Habit Category */ = {
			isa = PBXGroup;
			children = (
				645482EF2A8AAFFC007F5BF3 /* HabitCategoryViewController.swift */,
				645482F12A8AB02B007F5BF3 /* CreateHabitCategoryViewController.swift */,
				645482F32A8AB046007F5BF3 /* HabitCategoryCell.swift */,
				645483032A8E88A4007F5BF3 /* HabitCategoryViewModel.swift */,
			);
			path = "Habit Category";
			sourceTree = "<group>";
		};
		645482F52A8D87DE007F5BF3 /* Event Category */ = {
			isa = PBXGroup;
			children = (
				645482F62A8D880D007F5BF3 /* EventCategoryViewController.swift */,
				645482F82A8D8829007F5BF3 /* CreateEventCategoryViewController.swift */,
				645482FA2A8D883E007F5BF3 /* EventCategoryCell.swift */,
			);
			path = "Event Category";
			sourceTree = "<group>";
		};
		645483022A8E4FEC007F5BF3 /* Onboarding */ = {
			isa = PBXGroup;
			children = (
				645482FC2A8E4EC3007F5BF3 /* OnboardingViewController.swift */,
			);
			path = Onboarding;
			sourceTree = "<group>";
		};
		6460DF492A408EB3004A31C6 = {
			isa = PBXGroup;
			children = (
				6460DF542A408EB3004A31C6 /* Tracker */,
				6460DF532A408EB3004A31C6 /* Products */,
			);
			sourceTree = "<group>";
		};
		6460DF532A408EB3004A31C6 /* Products */ = {
			isa = PBXGroup;
			children = (
				6460DF522A408EB3004A31C6 /* Tracker.app */,
			);
			name = Products;
			sourceTree = "<group>";
		};
		6460DF542A408EB3004A31C6 /* Tracker */ = {
			isa = PBXGroup;
			children = (
				6460DF552A408EB3004A31C6 /* AppDelegate.swift */,
				6460DF572A408EB3004A31C6 /* SceneDelegate.swift */,
				647575612A5899CF00C57C04 /* TabBarController.swift */,
				645483022A8E4FEC007F5BF3 /* Onboarding */,
				3411ADE12A86CD7D006D21C9 /* Domain */,
				647575682A58A1FF00C57C04 /* Tracker */,
				647575672A58A1F000C57C04 /* Statistic */,
				64A32E292A85169B0069D2D0 /* Core Data */,
				641441B32A56023C004D6BD7 /* Supporting Files */,
				641441B02A560178004D6BD7 /* Helper */,
			);
			path = Tracker;
			sourceTree = "<group>";
		};
		647575672A58A1F000C57C04 /* Statistic */ = {
			isa = PBXGroup;
			children = (
				647575652A589C2300C57C04 /* StatisticViewController.swift */,
			);
			path = Statistic;
			sourceTree = "<group>";
		};
		647575682A58A1FF00C57C04 /* Tracker */ = {
			isa = PBXGroup;
			children = (
				6406E9BD2A796467003DFB6B /* TrackerStructures.swift */,
				647575632A589BF000C57C04 /* TrackersViewController.swift */,
				6475756B2A5C2D6100C57C04 /* TrackerCell.swift */,
				647575712A681CD800C57C04 /* HeaderSectionView.swift */,
				647575732A6B23EC00C57C04 /* AddTrackerViewController.swift */,
				6406E9C72A825A17003DFB6B /* Habit */,
				6406E9C82A825A2B003DFB6B /* Irregular Event */,
			);
			path = Tracker;
			sourceTree = "<group>";
		};
		64A32E292A85169B0069D2D0 /* Core Data */ = {
			isa = PBXGroup;
			children = (
				64A32E2A2A8517D90069D2D0 /* TrackersEntity.xcdatamodeld */,
			);
			path = "Core Data";
			sourceTree = "<group>";
		};
/* End PBXGroup section */

/* Begin PBXNativeTarget section */
		6460DF512A408EB3004A31C6 /* Tracker */ = {
			isa = PBXNativeTarget;
			buildConfigurationList = 6460DF662A408EB5004A31C6 /* Build configuration list for PBXNativeTarget "Tracker" */;
			buildPhases = (
				6460DF4E2A408EB3004A31C6 /* Sources */,
				6460DF4F2A408EB3004A31C6 /* Frameworks */,
				6460DF502A408EB3004A31C6 /* Resources */,
			);
			buildRules = (
			);
			dependencies = (
			);
			name = Tracker;
			productName = Tracker;
			productReference = 6460DF522A408EB3004A31C6 /* Tracker.app */;
			productType = "com.apple.product-type.application";
		};
/* End PBXNativeTarget section */

/* Begin PBXProject section */
		6460DF4A2A408EB3004A31C6 /* Project object */ = {
			isa = PBXProject;
			attributes = {
				BuildIndependentTargetsInParallel = 1;
				LastSwiftUpdateCheck = 1420;
				LastUpgradeCheck = 1420;
				TargetAttributes = {
					6460DF512A408EB3004A31C6 = {
						CreatedOnToolsVersion = 14.2;
					};
				};
			};
			buildConfigurationList = 6460DF4D2A408EB3004A31C6 /* Build configuration list for PBXProject "Tracker" */;
			compatibilityVersion = "Xcode 14.0";
			developmentRegion = en;
			hasScannedForEncodings = 0;
			knownRegions = (
				en,
				Base,
			);
			mainGroup = 6460DF492A408EB3004A31C6;
			productRefGroup = 6460DF532A408EB3004A31C6 /* Products */;
			projectDirPath = "";
			projectRoot = "";
			targets = (
				6460DF512A408EB3004A31C6 /* Tracker */,
			);
		};
/* End PBXProject section */

/* Begin PBXResourcesBuildPhase section */
		6460DF502A408EB3004A31C6 /* Resources */ = {
			isa = PBXResourcesBuildPhase;
			buildActionMask = 2147483647;
			files = (
				6475756A2A58AABD00C57C04 /* Launch Screen.storyboard in Resources */,
				6460DF5F2A408EB5004A31C6 /* Assets.xcassets in Resources */,
			);
			runOnlyForDeploymentPostprocessing = 0;
		};
/* End PBXResourcesBuildPhase section */

/* Begin PBXSourcesBuildPhase section */
		6460DF4E2A408EB3004A31C6 /* Sources */ = {
			isa = PBXSourcesBuildPhase;
			buildActionMask = 2147483647;
			files = (
				6475757A2A6EDDE500C57C04 /* ScheduleViewController.swift in Sources */,
				6406E9CC2A825AEF003DFB6B /* HabitColorHeader.swift in Sources */,
				6406E9BE2A796467003DFB6B /* TrackerStructures.swift in Sources */,
				647575782A6EC67800C57C04 /* HabitViewCell.swift in Sources */,
				647575802A6FE84000C57C04 /* IrregularEventCell.swift in Sources */,
				64A32E2C2A8517D90069D2D0 /* TrackersEntity.xcdatamodeld in Sources */,
				6406E9C22A8259D0003DFB6B /* HabitColorCell.swift in Sources */,
				3411ADE72A86CD9C006D21C9 /* TrackerRecordStore.swift in Sources */,
				641441B22A560189004D6BD7 /* UIColor+Extensions.swift in Sources */,
				3411ADE92A86CEFE006D21C9 /* UIColorMarshalling.swift in Sources */,
				6475756C2A5C2D6100C57C04 /* TrackerCell.swift in Sources */,
				6406E9C62A8259FA003DFB6B /* EventColorCell.swift in Sources */,
				3411ADE32A86CD8B006D21C9 /* TrackerStore.swift in Sources */,
				647575722A681CD800C57C04 /* HeaderSectionView.swift in Sources */,
				6406E9C02A82599C003DFB6B /* HabitEmojiCell.swift in Sources */,
				6460DF562A408EB3004A31C6 /* AppDelegate.swift in Sources */,
				645483042A8E88A4007F5BF3 /* HabitCategoryViewModel.swift in Sources */,
				6475757C2A6EE56D00C57C04 /* ScheduleViewCell.swift in Sources */,
				6406E9D02A825B17003DFB6B /* EventColorHeader.swift in Sources */,
				647575762A6EB6B500C57C04 /* HabitViewController.swift in Sources */,
				645482F22A8AB02B007F5BF3 /* CreateHabitCategoryViewController.swift in Sources */,
				645482F92A8D8829007F5BF3 /* CreateEventCategoryViewController.swift in Sources */,
				645482FB2A8D883E007F5BF3 /* EventCategoryCell.swift in Sources */,
				645482F02A8AAFFC007F5BF3 /* HabitCategoryViewController.swift in Sources */,
				6406E9C42A8259E8003DFB6B /* EventEmojiCell.swift in Sources */,
				6406E9CE2A825B06003DFB6B /* EventEmojiHeader.swift in Sources */,
				3411ADE52A86CD94006D21C9 /* TrackerCategoryStore.swift in Sources */,
				647575742A6B23EC00C57C04 /* AddTrackerViewController.swift in Sources */,
				647575622A5899CF00C57C04 /* TabBarController.swift in Sources */,
				6475757E2A6FD74200C57C04 /* IrregularEventViewController.swift in Sources */,
				647575642A589BF000C57C04 /* TrackersViewController.swift in Sources */,
				645482FD2A8E4EC3007F5BF3 /* OnboardingViewController.swift in Sources */,
				645482F72A8D880D007F5BF3 /* EventCategoryViewController.swift in Sources */,
				6460DF582A408EB3004A31C6 /* SceneDelegate.swift in Sources */,
				6406E9CA2A825ADC003DFB6B /* HabitEmojiHeader.swift in Sources */,
				647575662A589C2300C57C04 /* StatisticViewController.swift in Sources */,
				645482F42A8AB046007F5BF3 /* HabitCategoryCell.swift in Sources */,
			);
			runOnlyForDeploymentPostprocessing = 0;
		};
/* End PBXSourcesBuildPhase section */

/* Begin XCBuildConfiguration section */
		6460DF642A408EB5004A31C6 /* Debug */ = {
			isa = XCBuildConfiguration;
			buildSettings = {
				ALWAYS_SEARCH_USER_PATHS = NO;
				CLANG_ANALYZER_NONNULL = YES;
				CLANG_ANALYZER_NUMBER_OBJECT_CONVERSION = YES_AGGRESSIVE;
				CLANG_CXX_LANGUAGE_STANDARD = "gnu++20";
				CLANG_ENABLE_MODULES = YES;
				CLANG_ENABLE_OBJC_ARC = YES;
				CLANG_ENABLE_OBJC_WEAK = YES;
				CLANG_WARN_BLOCK_CAPTURE_AUTORELEASING = YES;
				CLANG_WARN_BOOL_CONVERSION = YES;
				CLANG_WARN_COMMA = YES;
				CLANG_WARN_CONSTANT_CONVERSION = YES;
				CLANG_WARN_DEPRECATED_OBJC_IMPLEMENTATIONS = YES;
				CLANG_WARN_DIRECT_OBJC_ISA_USAGE = YES_ERROR;
				CLANG_WARN_DOCUMENTATION_COMMENTS = YES;
				CLANG_WARN_EMPTY_BODY = YES;
				CLANG_WARN_ENUM_CONVERSION = YES;
				CLANG_WARN_INFINITE_RECURSION = YES;
				CLANG_WARN_INT_CONVERSION = YES;
				CLANG_WARN_NON_LITERAL_NULL_CONVERSION = YES;
				CLANG_WARN_OBJC_IMPLICIT_RETAIN_SELF = YES;
				CLANG_WARN_OBJC_LITERAL_CONVERSION = YES;
				CLANG_WARN_OBJC_ROOT_CLASS = YES_ERROR;
				CLANG_WARN_QUOTED_INCLUDE_IN_FRAMEWORK_HEADER = YES;
				CLANG_WARN_RANGE_LOOP_ANALYSIS = YES;
				CLANG_WARN_STRICT_PROTOTYPES = YES;
				CLANG_WARN_SUSPICIOUS_MOVE = YES;
				CLANG_WARN_UNGUARDED_AVAILABILITY = YES_AGGRESSIVE;
				CLANG_WARN_UNREACHABLE_CODE = YES;
				CLANG_WARN__DUPLICATE_METHOD_MATCH = YES;
				COPY_PHASE_STRIP = NO;
				DEBUG_INFORMATION_FORMAT = dwarf;
				ENABLE_STRICT_OBJC_MSGSEND = YES;
				ENABLE_TESTABILITY = YES;
				GCC_C_LANGUAGE_STANDARD = gnu11;
				GCC_DYNAMIC_NO_PIC = NO;
				GCC_NO_COMMON_BLOCKS = YES;
				GCC_OPTIMIZATION_LEVEL = 0;
				GCC_PREPROCESSOR_DEFINITIONS = (
					"DEBUG=1",
					"$(inherited)",
				);
				GCC_WARN_64_TO_32_BIT_CONVERSION = YES;
				GCC_WARN_ABOUT_RETURN_TYPE = YES_ERROR;
				GCC_WARN_UNDECLARED_SELECTOR = YES;
				GCC_WARN_UNINITIALIZED_AUTOS = YES_AGGRESSIVE;
				GCC_WARN_UNUSED_FUNCTION = YES;
				GCC_WARN_UNUSED_VARIABLE = YES;
				IPHONEOS_DEPLOYMENT_TARGET = 16.2;
				MTL_ENABLE_DEBUG_INFO = INCLUDE_SOURCE;
				MTL_FAST_MATH = YES;
				ONLY_ACTIVE_ARCH = YES;
				SDKROOT = iphoneos;
				SWIFT_ACTIVE_COMPILATION_CONDITIONS = DEBUG;
				SWIFT_OPTIMIZATION_LEVEL = "-Onone";
			};
			name = Debug;
		};
		6460DF652A408EB5004A31C6 /* Release */ = {
			isa = XCBuildConfiguration;
			buildSettings = {
				ALWAYS_SEARCH_USER_PATHS = NO;
				CLANG_ANALYZER_NONNULL = YES;
				CLANG_ANALYZER_NUMBER_OBJECT_CONVERSION = YES_AGGRESSIVE;
				CLANG_CXX_LANGUAGE_STANDARD = "gnu++20";
				CLANG_ENABLE_MODULES = YES;
				CLANG_ENABLE_OBJC_ARC = YES;
				CLANG_ENABLE_OBJC_WEAK = YES;
				CLANG_WARN_BLOCK_CAPTURE_AUTORELEASING = YES;
				CLANG_WARN_BOOL_CONVERSION = YES;
				CLANG_WARN_COMMA = YES;
				CLANG_WARN_CONSTANT_CONVERSION = YES;
				CLANG_WARN_DEPRECATED_OBJC_IMPLEMENTATIONS = YES;
				CLANG_WARN_DIRECT_OBJC_ISA_USAGE = YES_ERROR;
				CLANG_WARN_DOCUMENTATION_COMMENTS = YES;
				CLANG_WARN_EMPTY_BODY = YES;
				CLANG_WARN_ENUM_CONVERSION = YES;
				CLANG_WARN_INFINITE_RECURSION = YES;
				CLANG_WARN_INT_CONVERSION = YES;
				CLANG_WARN_NON_LITERAL_NULL_CONVERSION = YES;
				CLANG_WARN_OBJC_IMPLICIT_RETAIN_SELF = YES;
				CLANG_WARN_OBJC_LITERAL_CONVERSION = YES;
				CLANG_WARN_OBJC_ROOT_CLASS = YES_ERROR;
				CLANG_WARN_QUOTED_INCLUDE_IN_FRAMEWORK_HEADER = YES;
				CLANG_WARN_RANGE_LOOP_ANALYSIS = YES;
				CLANG_WARN_STRICT_PROTOTYPES = YES;
				CLANG_WARN_SUSPICIOUS_MOVE = YES;
				CLANG_WARN_UNGUARDED_AVAILABILITY = YES_AGGRESSIVE;
				CLANG_WARN_UNREACHABLE_CODE = YES;
				CLANG_WARN__DUPLICATE_METHOD_MATCH = YES;
				COPY_PHASE_STRIP = NO;
				DEBUG_INFORMATION_FORMAT = "dwarf-with-dsym";
				ENABLE_NS_ASSERTIONS = NO;
				ENABLE_STRICT_OBJC_MSGSEND = YES;
				GCC_C_LANGUAGE_STANDARD = gnu11;
				GCC_NO_COMMON_BLOCKS = YES;
				GCC_WARN_64_TO_32_BIT_CONVERSION = YES;
				GCC_WARN_ABOUT_RETURN_TYPE = YES_ERROR;
				GCC_WARN_UNDECLARED_SELECTOR = YES;
				GCC_WARN_UNINITIALIZED_AUTOS = YES_AGGRESSIVE;
				GCC_WARN_UNUSED_FUNCTION = YES;
				GCC_WARN_UNUSED_VARIABLE = YES;
				IPHONEOS_DEPLOYMENT_TARGET = 16.2;
				MTL_ENABLE_DEBUG_INFO = NO;
				MTL_FAST_MATH = YES;
				SDKROOT = iphoneos;
				SWIFT_COMPILATION_MODE = wholemodule;
				SWIFT_OPTIMIZATION_LEVEL = "-O";
				VALIDATE_PRODUCT = YES;
			};
			name = Release;
		};
		6460DF672A408EB5004A31C6 /* Debug */ = {
			isa = XCBuildConfiguration;
			buildSettings = {
				ASSETCATALOG_COMPILER_APPICON_NAME = AppIcon;
				ASSETCATALOG_COMPILER_GLOBAL_ACCENT_COLOR_NAME = AccentColor;
				CODE_SIGN_STYLE = Automatic;
				CURRENT_PROJECT_VERSION = 1;
				DEVELOPMENT_TEAM = DMFV8BKN4K;
				GENERATE_INFOPLIST_FILE = YES;
				INFOPLIST_FILE = Tracker/Info.plist;
				INFOPLIST_KEY_UIApplicationSupportsIndirectInputEvents = YES;
				INFOPLIST_KEY_UILaunchStoryboardName = "Launch Screen.storyboard";
				INFOPLIST_KEY_UIMainStoryboardFile = Main;
				INFOPLIST_KEY_UISupportedInterfaceOrientations_iPhone = UIInterfaceOrientationPortrait;
				IPHONEOS_DEPLOYMENT_TARGET = 13.4;
				LD_RUNPATH_SEARCH_PATHS = (
					"$(inherited)",
					"@executable_path/Frameworks",
				);
				MARKETING_VERSION = 1.0;
				PRODUCT_BUNDLE_IDENTIFIER = com.pitinovamargo.Tracker;
				PRODUCT_NAME = "$(TARGET_NAME)";
				SUPPORTED_PLATFORMS = "iphoneos iphonesimulator";
				SUPPORTS_MACCATALYST = NO;
				SUPPORTS_MAC_DESIGNED_FOR_IPHONE_IPAD = NO;
				SWIFT_EMIT_LOC_STRINGS = YES;
				SWIFT_VERSION = 5.0;
				TARGETED_DEVICE_FAMILY = 1;
			};
			name = Debug;
		};
		6460DF682A408EB5004A31C6 /* Release */ = {
			isa = XCBuildConfiguration;
			buildSettings = {
				ASSETCATALOG_COMPILER_APPICON_NAME = AppIcon;
				ASSETCATALOG_COMPILER_GLOBAL_ACCENT_COLOR_NAME = AccentColor;
				CODE_SIGN_STYLE = Automatic;
				CURRENT_PROJECT_VERSION = 1;
				DEVELOPMENT_TEAM = DMFV8BKN4K;
				GENERATE_INFOPLIST_FILE = YES;
				INFOPLIST_FILE = Tracker/Info.plist;
				INFOPLIST_KEY_UIApplicationSupportsIndirectInputEvents = YES;
				INFOPLIST_KEY_UILaunchStoryboardName = "Launch Screen.storyboard";
				INFOPLIST_KEY_UIMainStoryboardFile = Main;
				INFOPLIST_KEY_UISupportedInterfaceOrientations_iPhone = UIInterfaceOrientationPortrait;
				IPHONEOS_DEPLOYMENT_TARGET = 13.4;
				LD_RUNPATH_SEARCH_PATHS = (
					"$(inherited)",
					"@executable_path/Frameworks",
				);
				MARKETING_VERSION = 1.0;
				PRODUCT_BUNDLE_IDENTIFIER = com.pitinovamargo.Tracker;
				PRODUCT_NAME = "$(TARGET_NAME)";
				SUPPORTED_PLATFORMS = "iphoneos iphonesimulator";
				SUPPORTS_MACCATALYST = NO;
				SUPPORTS_MAC_DESIGNED_FOR_IPHONE_IPAD = NO;
				SWIFT_EMIT_LOC_STRINGS = YES;
				SWIFT_VERSION = 5.0;
				TARGETED_DEVICE_FAMILY = 1;
			};
			name = Release;
		};
/* End XCBuildConfiguration section */

/* Begin XCConfigurationList section */
		6460DF4D2A408EB3004A31C6 /* Build configuration list for PBXProject "Tracker" */ = {
			isa = XCConfigurationList;
			buildConfigurations = (
				6460DF642A408EB5004A31C6 /* Debug */,
				6460DF652A408EB5004A31C6 /* Release */,
			);
			defaultConfigurationIsVisible = 0;
			defaultConfigurationName = Release;
		};
		6460DF662A408EB5004A31C6 /* Build configuration list for PBXNativeTarget "Tracker" */ = {
			isa = XCConfigurationList;
			buildConfigurations = (
				6460DF672A408EB5004A31C6 /* Debug */,
				6460DF682A408EB5004A31C6 /* Release */,
			);
			defaultConfigurationIsVisible = 0;
			defaultConfigurationName = Release;
		};
/* End XCConfigurationList section */

/* Begin XCVersionGroup section */
		64A32E2A2A8517D90069D2D0 /* TrackersEntity.xcdatamodeld */ = {
			isa = XCVersionGroup;
			children = (
				64A32E2B2A8517D90069D2D0 /* TrackersEntity.xcdatamodel */,
			);
			currentVersion = 64A32E2B2A8517D90069D2D0 /* TrackersEntity.xcdatamodel */;
			path = TrackersEntity.xcdatamodeld;
			sourceTree = "<group>";
			versionGroupType = wrapper.xcdatamodel;
		};
/* End XCVersionGroup section */
	};
	rootObject = 6460DF4A2A408EB3004A31C6 /* Project object */;
}
